
Microsoft Visual Studio Solution File, Format Version 12.00
# Visual Studio Version 17
VisualStudioVersion = 17.9.34728.123
MinimumVisualStudioVersion = 10.0.40219.1
Project("{FAE04EC0-301F-11D3-BF4B-00C04F79EFBC}") = "Learning", "Learning\Learning.csproj", "{1108544D-EB17-43A4-A147-57CF65D5263C}"
EndProject
Global
	GlobalSection(SolutionConfigurationPlatforms) = preSolution
		Debug|Any CPU = Debug|Any CPU
		Release|Any CPU = Release|Any CPU
	EndGlobalSection
	GlobalSection(ProjectConfigurationPlatforms) = postSolution
		{1108544D-EB17-43A4-A147-57CF65D5263C}.Debug|Any CPU.ActiveCfg = Debug|Any CPU
		{1108544D-EB17-43A4-A147-57CF65D5263C}.Debug|Any CPU.Build.0 = Debug|Any CPU
		{1108544D-EB17-43A4-A147-57CF65D5263C}.Release|Any CPU.ActiveCfg = Release|Any CPU
		{1108544D-EB17-43A4-A147-57CF65D5263C}.Release|Any CPU.Build.0 = Release|Any CPU
	EndGlobalSection
	GlobalSection(SolutionProperties) = preSolution
		HideSolutionNode = FALSE
	EndGlobalSection
	GlobalSection(ExtensibilityGlobals) = postSolution
		SolutionGuid = {0CE0EE3E-A01F-43B0-80F4-2D8A442FF90A}
	EndGlobalSection
EndGlobal
